<?xml version="1.0" encoding="utf-8"?>
<Project ToolsVersion="4.0" xmlns="http://schemas.microsoft.com/developer/msbuild/2003">
  <ItemGroup>
    <Filter Include="Source Files">
      <UniqueIdentifier>{4FC737F1-C7A5-4376-A066-2A32D752A2FF}</UniqueIdentifier>
      <Extensions>cpp;cxx;c;def</Extensions>
    </Filter>
    <Filter Include="Header Files">
      <UniqueIdentifier>{93995380-89BD-4b04-88EB-625FBE52EBFB}</UniqueIdentifier>
      <Extensions>h</Extensions>
    </Filter>
    <Filter Include="Form Files">
      <UniqueIdentifier>{99349809-55BA-4b9d-BF79-8FDBB0286EB3}</UniqueIdentifier>
      <Extensions>ui</Extensions>
    </Filter>
    <Filter Include="Resource Files">
      <UniqueIdentifier>{D9D6E242-F8AF-46E4-B9FD-80ECBC20BA3E}</UniqueIdentifier>
      <Extensions>qrc;*</Extensions>
      <ParseFiles>false</ParseFiles>
    </Filter>
    <Filter Include="Generated Files">
      <UniqueIdentifier>{71ED8ED8-ACB9-4CE9-BBE1-E00B30144E11}</UniqueIdentifier>
      <Extensions>moc;h;cpp</Extensions>
      <SourceControlFiles>False</SourceControlFiles>
    </Filter>
    <Filter Include="Generated Files\Debug">
      <UniqueIdentifier>{b9670827-479c-42b8-83eb-e947c0e50627}</UniqueIdentifier>
      <Extensions>cpp;moc</Extensions>
      <SourceControlFiles>False</SourceControlFiles>
    </Filter>
    <Filter Include="Generated Files\Release">
      <UniqueIdentifier>{5e45986e-bce5-4e2d-a7ce-5019a996cb53}</UniqueIdentifier>
      <Extensions>cpp;moc</Extensions>
      <SourceControlFiles>False</SourceControlFiles>
    </Filter>
    <Filter Include="Source Files\dialogs">
      <UniqueIdentifier>{b6ad41f7-858e-46b8-8228-a82b45026e79}</UniqueIdentifier>
    </Filter>
    <Filter Include="Header Files\dialogs">
      <UniqueIdentifier>{d93ca370-1ae5-4e2d-9cc1-68670eb9e501}</UniqueIdentifier>
    </Filter>
    <Filter Include="Header Files\resource">
      <UniqueIdentifier>{92e48c04-9404-41de-b22b-cd0409e11408}</UniqueIdentifier>
    </Filter>
    <Filter Include="Translation Files">
      <UniqueIdentifier>{639EADAA-A684-42e4-A9AD-28FC9BCB8F7C}</UniqueIdentifier>
      <Extensions>ts</Extensions>
      <ParseFiles>false</ParseFiles>
    </Filter>
    <Filter Include="Source Files\irc">
      <UniqueIdentifier>{7f472218-dd87-4bb5-a786-50f3fccb2413}</UniqueIdentifier>
    </Filter>
    <Filter Include="Header Files\irc">
      <UniqueIdentifier>{2bfd5a7d-a886-46a3-9110-6a0e5e363248}</UniqueIdentifier>
    </Filter>
    <Filter Include="Header Files\game">
      <UniqueIdentifier>{5c0e9efb-e301-4fbc-bc3d-a2e60c95c0f8}</UniqueIdentifier>
    </Filter>
    <Filter Include="Source Files\game">
      <UniqueIdentifier>{bb8ea8f0-11b2-42e1-bde7-6d3b6f5ad969}</UniqueIdentifier>
    </Filter>
    <Filter Include="Header Files\game\gproxy">
      <UniqueIdentifier>{659bd8e3-3b3c-4609-8ff1-706daa42d035}</UniqueIdentifier>
    </Filter>
    <Filter Include="Source Files\game\gproxy">
      <UniqueIdentifier>{3c9e4471-2aca-40a1-aa79-c85c421b00d5}</UniqueIdentifier>
    </Filter>
  </ItemGroup>
  <ItemGroup>
    <ClCompile Include="main.cpp">
      <Filter>Source Files</Filter>
    </ClCompile>
    <ClCompile Include="GeneratedFiles\Debug\moc_xdcc.cpp">
      <Filter>Generated Files\Debug</Filter>
    </ClCompile>
    <ClCompile Include="GeneratedFiles\Release\moc_xdcc.cpp">
      <Filter>Generated Files\Release</Filter>
    </ClCompile>
    <ClCompile Include="GeneratedFiles\qrc_xdcc.cpp">
      <Filter>Generated Files</Filter>
    </ClCompile>
    <ClCompile Include="GeneratedFiles\Debug\moc_loginform.cpp">
      <Filter>Generated Files\Debug</Filter>
    </ClCompile>
    <ClCompile Include="GeneratedFiles\Release\moc_loginform.cpp">
      <Filter>Generated Files\Release</Filter>
    </ClCompile>
    <ClCompile Include="GeneratedFiles\Debug\moc_channelhandler.cpp">
      <Filter>Generated Files\Debug</Filter>
    </ClCompile>
    <ClCompile Include="GeneratedFiles\Release\moc_channelhandler.cpp">
      <Filter>Generated Files\Release</Filter>
    </ClCompile>
    <ClCompile Include="loginform.cpp">
      <Filter>Source Files\dialogs</Filter>
    </ClCompile>
    <ClCompile Include="dcapifetcher.cpp">
      <Filter>Source Files</Filter>
    </ClCompile>
    <ClCompile Include="GeneratedFiles\Debug\moc_dcapifetcher.cpp">
      <Filter>Generated Files\Debug</Filter>
    </ClCompile>
    <ClCompile Include="GeneratedFiles\Release\moc_dcapifetcher.cpp">
      <Filter>Generated Files\Release</Filter>
    </ClCompile>
    <ClCompile Include="GeneratedFiles\Debug\moc_irchandler.cpp">
      <Filter>Generated Files\Debug</Filter>
    </ClCompile>
    <ClCompile Include="GeneratedFiles\Release\moc_irchandler.cpp">
      <Filter>Generated Files\Release</Filter>
    </ClCompile>
    <ClCompile Include="channelhandler.cpp">
      <Filter>Source Files\irc</Filter>
    </ClCompile>
    <ClCompile Include="irchandler.cpp">
      <Filter>Source Files\irc</Filter>
    </ClCompile>
    <ClCompile Include="gameprotocol.cpp">
      <Filter>Source Files\game</Filter>
    </ClCompile>
    <ClCompile Include="qgproxy.cpp">
      <Filter>Source Files\game\gproxy</Filter>
    </ClCompile>
    <ClCompile Include="gpsprotocol.cpp">
      <Filter>Source Files\game\gproxy</Filter>
    </ClCompile>
    <ClCompile Include="commandpacket.cpp">
      <Filter>Source Files\game</Filter>
    </ClCompile>
    <ClCompile Include="GeneratedFiles\Debug\moc_qgproxy.cpp">
      <Filter>Generated Files\Debug</Filter>
    </ClCompile>
    <ClCompile Include="GeneratedFiles\Release\moc_qgproxy.cpp">
      <Filter>Generated Files\Release</Filter>
    </ClCompile>
    <ClCompile Include="GeneratedFiles\Debug\moc_settingsform.cpp">
      <Filter>Generated Files\Debug</Filter>
    </ClCompile>
    <ClCompile Include="GeneratedFiles\Release\moc_settingsform.cpp">
      <Filter>Generated Files\Release</Filter>
    </ClCompile>
    <ClCompile Include="settingsform.cpp">
      <Filter>Source Files\dialogs</Filter>
    </ClCompile>
    <ClCompile Include="xdcc.cpp">
      <Filter>Source Files\dialogs</Filter>
    </ClCompile>
    <ClCompile Include="friendshandler.cpp">
      <Filter>Source Files\irc</Filter>
    </ClCompile>
    <ClCompile Include="GeneratedFiles\Debug\moc_friendshandler.cpp">
      <Filter>Generated Files\Debug</Filter>
    </ClCompile>
    <ClCompile Include="GeneratedFiles\Release\moc_friendshandler.cpp">
      <Filter>Generated Files\Release</Filter>
    </ClCompile>
    <ClCompile Include="updateform.cpp">
      <Filter>Source Files\dialogs</Filter>
    </ClCompile>
    <ClCompile Include="GeneratedFiles\Release\moc_updateform.cpp">
      <Filter>Generated Files\Release</Filter>
    </ClCompile>
    <ClCompile Include="GeneratedFiles\Debug\moc_updateform.cpp">
      <Filter>Generated Files\Debug</Filter>
    </ClCompile>
    <ClCompile Include="downloaderform.cpp">
      <Filter>Source Files\dialogs</Filter>
    </ClCompile>
    <ClCompile Include="GeneratedFiles\Debug\moc_downloaderform.cpp">
      <Filter>Generated Files\Debug</Filter>
    </ClCompile>
    <ClCompile Include="GeneratedFiles\Release\moc_downloaderform.cpp">
      <Filter>Generated Files\Release</Filter>
    </ClCompile>
  </ItemGroup>
  <ItemGroup>
    <CustomBuild Include="xdcc.qrc">
      <Filter>Resource Files</Filter>
    </CustomBuild>
    <CustomBuild Include="xdcc_login.ui">
      <Filter>Form Files</Filter>
    </CustomBuild>
    <CustomBuild Include="xdcc.h">
      <Filter>Header Files\dialogs</Filter>
    </CustomBuild>
    <CustomBuild Include="loginform.h">
      <Filter>Header Files\dialogs</Filter>
    </CustomBuild>
    <CustomBuild Include="dcapifetcher.h">
      <Filter>Header Files</Filter>
    </CustomBuild>
    <CustomBuild Include="irchandler.h">
      <Filter>Header Files\irc</Filter>
    </CustomBuild>
    <CustomBuild Include="channelhandler.h">
      <Filter>Header Files\irc</Filter>
    </CustomBuild>
    <CustomBuild Include="qgproxy.h">
      <Filter>Header Files\game\gproxy</Filter>
    </CustomBuild>
    <CustomBuild Include="xdcc_options.ui">
      <Filter>Form Files</Filter>
    </CustomBuild>
    <CustomBuild Include="xdcc_update.ui">
      <Filter>Form Files</Filter>
    </CustomBuild>
    <CustomBuild Include="settingsform.h">
      <Filter>Header Files\dialogs</Filter>
    </CustomBuild>
    <CustomBuild Include="xdcc_main.ui">
      <Filter>Form Files</Filter>
    </CustomBuild>
    <CustomBuild Include="friendshandler.h">
      <Filter>Header Files\irc</Filter>
    </CustomBuild>
    <CustomBuild Include="updateform.h">
      <Filter>Header Files\dialogs</Filter>
    </CustomBuild>
    <CustomBuild Include="xdcc_downloader.ui">
      <Filter>Form Files</Filter>
    </CustomBuild>
    <CustomBuild Include="downloaderform.h">
      <Filter>Header Files\dialogs</Filter>
    </CustomBuild>
  </ItemGroup>
  <ItemGroup>
    <ClInclude Include="GeneratedFiles\ui_xdcc_login.h">
      <Filter>Generated Files</Filter>
    </ClInclude>
    <ClInclude Include="resource.h">
      <Filter>Header Files\resource</Filter>
    </ClInclude>
    <ClInclude Include="xmlstructs.h">
      <Filter>Header Files</Filter>
    </ClInclude>
    <ClInclude Include="commandpacket.h">
      <Filter>Header Files\game</Filter>
    </ClInclude>
    <ClInclude Include="gameprotocol.h">
      <Filter>Header Files\game</Filter>
    </ClInclude>
    <ClInclude Include="gpsprotocol.h">
      <Filter>Header Files\game\gproxy</Filter>
    </ClInclude>
    <ClInclude Include="xdcc_version.h">
      <Filter>Header Files</Filter>
    </ClInclude>
    <ClInclude Include="GeneratedFiles\ui_xdcc_options.h">
      <Filter>Generated Files</Filter>
    </ClInclude>
    <ClInclude Include="GeneratedFiles\ui_xdcc_update.h">
      <Filter>Generated Files</Filter>
    </ClInclude>
    <ClInclude Include="GeneratedFiles\ui_xdcc_main.h">
      <Filter>Generated Files</Filter>
    </ClInclude>
    <ClInclude Include="GeneratedFiles\ui_xdcc_downloader.h">
      <Filter>Generated Files</Filter>
    </ClInclude>
  </ItemGroup>
  <ItemGroup>
    <ResourceCompile Include="xdcc.rc" />
  </ItemGroup>
  <ItemGroup>
    <None Include="xDCC.ico" />
    <None Include="xdcc_zh.ts">
      <Filter>Translation Files</Filter>
    </None>
  </ItemGroup>
</Project>